
Microsoft Visual Studio Solution File, Format Version 12.00
# Visual Studio Version 17
VisualStudioVersion = 17.13.35919.96 d17.13
MinimumVisualStudioVersion = 10.0.40219.1
Project("{FAE04EC0-301F-11D3-BF4B-00C04F79EFBC}") = "SecurePasswordCrypt", "SecurePasswordCrypt.csproj", "{55375830-23FF-A1E3-1C78-4A763D4396CF}"
EndProject
Project("{FAE04EC0-301F-11D3-BF4B-00C04F79EFBC}") = "ConsoleApp1", "..\ConsoleApp1\ConsoleApp1.csproj", "{A7BDB124-7C05-30E0-9666-F4F726F2E529}"
EndProject
Global
	GlobalSection(SolutionConfigurationPlatforms) = preSolution
		Debug|Any CPU = Debug|Any CPU
		Release|Any CPU = Release|Any CPU
	EndGlobalSection
	GlobalSection(ProjectConfigurationPlatforms) = postSolution
		{55375830-23FF-A1E3-1C78-4A763D4396CF}.Debug|Any CPU.ActiveCfg = Debug|Any CPU
		{55375830-23FF-A1E3-1C78-4A763D4396CF}.Debug|Any CPU.Build.0 = Debug|Any CPU
		{55375830-23FF-A1E3-1C78-4A763D4396CF}.Release|Any CPU.ActiveCfg = Release|Any CPU
		{55375830-23FF-A1E3-1C78-4A763D4396CF}.Release|Any CPU.Build.0 = Release|Any CPU
		{A7BDB124-7C05-30E0-9666-F4F726F2E529}.Debug|Any CPU.ActiveCfg = Debug|Any CPU
		{A7BDB124-7C05-30E0-9666-F4F726F2E529}.Debug|Any CPU.Build.0 = Debug|Any CPU
		{A7BDB124-7C05-30E0-9666-F4F726F2E529}.Release|Any CPU.ActiveCfg = Release|Any CPU
		{A7BDB124-7C05-30E0-9666-F4F726F2E529}.Release|Any CPU.Build.0 = Release|Any CPU
	EndGlobalSection
	GlobalSection(SolutionProperties) = preSolution
		HideSolutionNode = FALSE
	EndGlobalSection
	GlobalSection(ExtensibilityGlobals) = postSolution
		SolutionGuid = {DCA59FC8-B264-4C05-BFC9-BE7ECE49A982}
	EndGlobalSection
EndGlobal
